
Microsoft Visual Studio Solution File, Format Version 12.00
# Visual Studio 15
VisualStudioVersion = 15.0.28010.0
MinimumVisualStudioVersion = 10.0.40219.1
Project("{FAE04EC0-301F-11D3-BF4B-00C04F79EFBC}") = "ProjectAvonale", "ProjectAvonale\ProjectAvonale.csproj", "{6951CEF3-632A-4B96-9FC9-E53C9D4775D7}"
EndProject
Global
	GlobalSection(SolutionConfigurationPlatforms) = preSolution
		Debug|Any CPU = Debug|Any CPU
		Release|Any CPU = Release|Any CPU
	EndGlobalSection
	GlobalSection(ProjectConfigurationPlatforms) = postSolution
		{6951CEF3-632A-4B96-9FC9-E53C9D4775D7}.Debug|Any CPU.ActiveCfg = Debug|Any CPU
		{6951CEF3-632A-4B96-9FC9-E53C9D4775D7}.Debug|Any CPU.Build.0 = Debug|Any CPU
		{6951CEF3-632A-4B96-9FC9-E53C9D4775D7}.Release|Any CPU.ActiveCfg = Release|Any CPU
		{6951CEF3-632A-4B96-9FC9-E53C9D4775D7}.Release|Any CPU.Build.0 = Release|Any CPU
	EndGlobalSection
	GlobalSection(SolutionProperties) = preSolution
		HideSolutionNode = FALSE
	EndGlobalSection
	GlobalSection(ExtensibilityGlobals) = postSolution
		SolutionGuid = {8F48EF25-6F81-425A-895B-320B01A40E7F}
	EndGlobalSection
EndGlobal
